
Microsoft Visual Studio Solution File, Format Version 12.00
# Visual Studio Version 17
VisualStudioVersion = 17.13.35825.156 d17.13
MinimumVisualStudioVersion = 10.0.40219.1
Project("{FAE04EC0-301F-11D3-BF4B-00C04F79EFBC}") = "Exercise03_08", "Exercise03_08.csproj", "{DD32E8B0-15D7-4F16-8A14-E0F5C0711828}"
EndProject
Global
	GlobalSection(SolutionConfigurationPlatforms) = preSolution
		Debug|Any CPU = Debug|Any CPU
		Release|Any CPU = Release|Any CPU
	EndGlobalSection
	GlobalSection(ProjectConfigurationPlatforms) = postSolution
		{DD32E8B0-15D7-4F16-8A14-E0F5C0711828}.Debug|Any CPU.ActiveCfg = Debug|Any CPU
		{DD32E8B0-15D7-4F16-8A14-E0F5C0711828}.Debug|Any CPU.Build.0 = Debug|Any CPU
		{DD32E8B0-15D7-4F16-8A14-E0F5C0711828}.Release|Any CPU.ActiveCfg = Release|Any CPU
		{DD32E8B0-15D7-4F16-8A14-E0F5C0711828}.Release|Any CPU.Build.0 = Release|Any CPU
	EndGlobalSection
	GlobalSection(SolutionProperties) = preSolution
		HideSolutionNode = FALSE
	EndGlobalSection
	GlobalSection(ExtensibilityGlobals) = postSolution
		SolutionGuid = {247C207F-190F-48BD-B1AD-A654A772FA4A}
	EndGlobalSection
EndGlobal
