
Microsoft Visual Studio Solution File, Format Version 12.00
# Visual Studio Version 17
VisualStudioVersion = 17.13.35919.96 d17.13
MinimumVisualStudioVersion = 10.0.40219.1
Project("{FAE04EC0-301F-11D3-BF4B-00C04F79EFBC}") = "Testing06_02isolation", "Testing06_02isolation.csproj", "{690B5D49-E29F-4275-AA68-BBE5667548D3}"
EndProject
Global
	GlobalSection(SolutionConfigurationPlatforms) = preSolution
		Debug|Any CPU = Debug|Any CPU
		Release|Any CPU = Release|Any CPU
	EndGlobalSection
	GlobalSection(ProjectConfigurationPlatforms) = postSolution
		{690B5D49-E29F-4275-AA68-BBE5667548D3}.Debug|Any CPU.ActiveCfg = Debug|Any CPU
		{690B5D49-E29F-4275-AA68-BBE5667548D3}.Debug|Any CPU.Build.0 = Debug|Any CPU
		{690B5D49-E29F-4275-AA68-BBE5667548D3}.Release|Any CPU.ActiveCfg = Release|Any CPU
		{690B5D49-E29F-4275-AA68-BBE5667548D3}.Release|Any CPU.Build.0 = Release|Any CPU
	EndGlobalSection
	GlobalSection(SolutionProperties) = preSolution
		HideSolutionNode = FALSE
	EndGlobalSection
	GlobalSection(ExtensibilityGlobals) = postSolution
		SolutionGuid = {701A9FB2-B290-48AA-A151-3F06862A2B89}
	EndGlobalSection
EndGlobal
