
Microsoft Visual Studio Solution File, Format Version 12.00
# Visual Studio Version 17
VisualStudioVersion = 17.13.35919.96 d17.13
MinimumVisualStudioVersion = 10.0.40219.1
Project("{FAE04EC0-301F-11D3-BF4B-00C04F79EFBC}") = "Exercise05_10", "Exercise05_10.csproj", "{00EEEA92-8291-4E3A-ADEF-302C8127D1BA}"
EndProject
Global
	GlobalSection(SolutionConfigurationPlatforms) = preSolution
		Debug|Any CPU = Debug|Any CPU
		Release|Any CPU = Release|Any CPU
	EndGlobalSection
	GlobalSection(ProjectConfigurationPlatforms) = postSolution
		{00EEEA92-8291-4E3A-ADEF-302C8127D1BA}.Debug|Any CPU.ActiveCfg = Debug|Any CPU
		{00EEEA92-8291-4E3A-ADEF-302C8127D1BA}.Debug|Any CPU.Build.0 = Debug|Any CPU
		{00EEEA92-8291-4E3A-ADEF-302C8127D1BA}.Release|Any CPU.ActiveCfg = Release|Any CPU
		{00EEEA92-8291-4E3A-ADEF-302C8127D1BA}.Release|Any CPU.Build.0 = Release|Any CPU
	EndGlobalSection
	GlobalSection(SolutionProperties) = preSolution
		HideSolutionNode = FALSE
	EndGlobalSection
	GlobalSection(ExtensibilityGlobals) = postSolution
		SolutionGuid = {DAD4821A-37AC-416B-8B33-6F65C2511FCA}
	EndGlobalSection
EndGlobal
