
Microsoft Visual Studio Solution File, Format Version 12.00
# Visual Studio Version 17
VisualStudioVersion = 17.13.35825.156 d17.13
MinimumVisualStudioVersion = 10.0.40219.1
Project("{FAE04EC0-301F-11D3-BF4B-00C04F79EFBC}") = "Exercise05_04", "Exercise05_04.csproj", "{EDD42DC0-579E-4B2E-BE09-536AD343BE8B}"
EndProject
Global
	GlobalSection(SolutionConfigurationPlatforms) = preSolution
		Debug|Any CPU = Debug|Any CPU
		Release|Any CPU = Release|Any CPU
	EndGlobalSection
	GlobalSection(ProjectConfigurationPlatforms) = postSolution
		{EDD42DC0-579E-4B2E-BE09-536AD343BE8B}.Debug|Any CPU.ActiveCfg = Debug|Any CPU
		{EDD42DC0-579E-4B2E-BE09-536AD343BE8B}.Debug|Any CPU.Build.0 = Debug|Any CPU
		{EDD42DC0-579E-4B2E-BE09-536AD343BE8B}.Release|Any CPU.ActiveCfg = Release|Any CPU
		{EDD42DC0-579E-4B2E-BE09-536AD343BE8B}.Release|Any CPU.Build.0 = Release|Any CPU
	EndGlobalSection
	GlobalSection(SolutionProperties) = preSolution
		HideSolutionNode = FALSE
	EndGlobalSection
	GlobalSection(ExtensibilityGlobals) = postSolution
		SolutionGuid = {C329C434-B482-43AB-A865-C22797CAD635}
	EndGlobalSection
EndGlobal
