
Microsoft Visual Studio Solution File, Format Version 12.00
# Visual Studio Version 17
VisualStudioVersion = 17.12.35521.163 d17.12
MinimumVisualStudioVersion = 10.0.40219.1
Project("{FAE04EC0-301F-11D3-BF4B-00C04F79EFBC}") = "Exercise02_01", "Exercise02_01.csproj", "{FE22CCA9-9C36-4168-A1A9-AFD0F037BAC7}"
EndProject
Global
	GlobalSection(SolutionConfigurationPlatforms) = preSolution
		Debug|Any CPU = Debug|Any CPU
		Release|Any CPU = Release|Any CPU
	EndGlobalSection
	GlobalSection(ProjectConfigurationPlatforms) = postSolution
		{FE22CCA9-9C36-4168-A1A9-AFD0F037BAC7}.Debug|Any CPU.ActiveCfg = Debug|Any CPU
		{FE22CCA9-9C36-4168-A1A9-AFD0F037BAC7}.Debug|Any CPU.Build.0 = Debug|Any CPU
		{FE22CCA9-9C36-4168-A1A9-AFD0F037BAC7}.Release|Any CPU.ActiveCfg = Release|Any CPU
		{FE22CCA9-9C36-4168-A1A9-AFD0F037BAC7}.Release|Any CPU.Build.0 = Release|Any CPU
	EndGlobalSection
	GlobalSection(SolutionProperties) = preSolution
		HideSolutionNode = FALSE
	EndGlobalSection
EndGlobal
