
Microsoft Visual Studio Solution File, Format Version 12.00
# Visual Studio Version 17
VisualStudioVersion = 17.13.35825.156 d17.13
MinimumVisualStudioVersion = 10.0.40219.1
Project("{FAE04EC0-301F-11D3-BF4B-00C04F79EFBC}") = "Exercise03_01", "Exercise03_01.csproj", "{C9881CC9-95BD-4317-B021-B6DBFE5CDC4B}"
EndProject
Global
	GlobalSection(SolutionConfigurationPlatforms) = preSolution
		Debug|Any CPU = Debug|Any CPU
		Release|Any CPU = Release|Any CPU
	EndGlobalSection
	GlobalSection(ProjectConfigurationPlatforms) = postSolution
		{C9881CC9-95BD-4317-B021-B6DBFE5CDC4B}.Debug|Any CPU.ActiveCfg = Debug|Any CPU
		{C9881CC9-95BD-4317-B021-B6DBFE5CDC4B}.Debug|Any CPU.Build.0 = Debug|Any CPU
		{C9881CC9-95BD-4317-B021-B6DBFE5CDC4B}.Release|Any CPU.ActiveCfg = Release|Any CPU
		{C9881CC9-95BD-4317-B021-B6DBFE5CDC4B}.Release|Any CPU.Build.0 = Release|Any CPU
	EndGlobalSection
	GlobalSection(SolutionProperties) = preSolution
		HideSolutionNode = FALSE
	EndGlobalSection
	GlobalSection(ExtensibilityGlobals) = postSolution
		SolutionGuid = {32ED818B-EC24-42A8-AEFE-08C1F6B10B16}
	EndGlobalSection
EndGlobal
