
Microsoft Visual Studio Solution File, Format Version 12.00
# Visual Studio Version 17
VisualStudioVersion = 17.13.35825.156 d17.13
MinimumVisualStudioVersion = 10.0.40219.1
Project("{FAE04EC0-301F-11D3-BF4B-00C04F79EFBC}") = "Exercise03_10", "Exercise03_10.csproj", "{EB146C18-87FF-481F-86BB-851A5A126A7E}"
EndProject
Global
	GlobalSection(SolutionConfigurationPlatforms) = preSolution
		Debug|Any CPU = Debug|Any CPU
		Release|Any CPU = Release|Any CPU
	EndGlobalSection
	GlobalSection(ProjectConfigurationPlatforms) = postSolution
		{EB146C18-87FF-481F-86BB-851A5A126A7E}.Debug|Any CPU.ActiveCfg = Debug|Any CPU
		{EB146C18-87FF-481F-86BB-851A5A126A7E}.Debug|Any CPU.Build.0 = Debug|Any CPU
		{EB146C18-87FF-481F-86BB-851A5A126A7E}.Release|Any CPU.ActiveCfg = Release|Any CPU
		{EB146C18-87FF-481F-86BB-851A5A126A7E}.Release|Any CPU.Build.0 = Release|Any CPU
	EndGlobalSection
	GlobalSection(SolutionProperties) = preSolution
		HideSolutionNode = FALSE
	EndGlobalSection
	GlobalSection(ExtensibilityGlobals) = postSolution
		SolutionGuid = {D0444515-2A37-4D35-9F32-9FF6AD098750}
	EndGlobalSection
EndGlobal
