
Microsoft Visual Studio Solution File, Format Version 12.00
# Visual Studio Version 17
VisualStudioVersion = 17.13.35919.96 d17.13
MinimumVisualStudioVersion = 10.0.40219.1
Project("{FAE04EC0-301F-11D3-BF4B-00C04F79EFBC}") = "Exercise07_05", "Exercise07_05.csproj", "{B2296CEE-9F96-4634-968D-6EED876DA431}"
EndProject
Global
	GlobalSection(SolutionConfigurationPlatforms) = preSolution
		Debug|Any CPU = Debug|Any CPU
		Release|Any CPU = Release|Any CPU
	EndGlobalSection
	GlobalSection(ProjectConfigurationPlatforms) = postSolution
		{B2296CEE-9F96-4634-968D-6EED876DA431}.Debug|Any CPU.ActiveCfg = Debug|Any CPU
		{B2296CEE-9F96-4634-968D-6EED876DA431}.Debug|Any CPU.Build.0 = Debug|Any CPU
		{B2296CEE-9F96-4634-968D-6EED876DA431}.Release|Any CPU.ActiveCfg = Release|Any CPU
		{B2296CEE-9F96-4634-968D-6EED876DA431}.Release|Any CPU.Build.0 = Release|Any CPU
	EndGlobalSection
	GlobalSection(SolutionProperties) = preSolution
		HideSolutionNode = FALSE
	EndGlobalSection
	GlobalSection(ExtensibilityGlobals) = postSolution
		SolutionGuid = {086D569D-64E2-4E46-8198-BFC6556C4C08}
	EndGlobalSection
EndGlobal
