
Microsoft Visual Studio Solution File, Format Version 12.00
# Visual Studio Version 17
VisualStudioVersion = 17.13.35919.96 d17.13
MinimumVisualStudioVersion = 10.0.40219.1
Project("{FAE04EC0-301F-11D3-BF4B-00C04F79EFBC}") = "Exercise06_02", "Exercise06_02.csproj", "{9C894E2C-20CB-426C-A842-4151AE466F58}"
EndProject
Global
	GlobalSection(SolutionConfigurationPlatforms) = preSolution
		Debug|Any CPU = Debug|Any CPU
		Release|Any CPU = Release|Any CPU
	EndGlobalSection
	GlobalSection(ProjectConfigurationPlatforms) = postSolution
		{9C894E2C-20CB-426C-A842-4151AE466F58}.Debug|Any CPU.ActiveCfg = Debug|Any CPU
		{9C894E2C-20CB-426C-A842-4151AE466F58}.Debug|Any CPU.Build.0 = Debug|Any CPU
		{9C894E2C-20CB-426C-A842-4151AE466F58}.Release|Any CPU.ActiveCfg = Release|Any CPU
		{9C894E2C-20CB-426C-A842-4151AE466F58}.Release|Any CPU.Build.0 = Release|Any CPU
	EndGlobalSection
	GlobalSection(SolutionProperties) = preSolution
		HideSolutionNode = FALSE
	EndGlobalSection
	GlobalSection(ExtensibilityGlobals) = postSolution
		SolutionGuid = {6D845845-4361-428C-B4B3-62FED073C22F}
	EndGlobalSection
EndGlobal
