
Microsoft Visual Studio Solution File, Format Version 12.00
# Visual Studio Version 17
VisualStudioVersion = 17.12.35521.163 d17.12
MinimumVisualStudioVersion = 10.0.40219.1
Project("{FAE04EC0-301F-11D3-BF4B-00C04F79EFBC}") = "Exercise05_05", "Exercise05_05.csproj", "{DF63FED2-D35B-4142-ACF1-4E08F38CC153}"
EndProject
Global
	GlobalSection(SolutionConfigurationPlatforms) = preSolution
		Debug|Any CPU = Debug|Any CPU
		Release|Any CPU = Release|Any CPU
	EndGlobalSection
	GlobalSection(ProjectConfigurationPlatforms) = postSolution
		{DF63FED2-D35B-4142-ACF1-4E08F38CC153}.Debug|Any CPU.ActiveCfg = Debug|Any CPU
		{DF63FED2-D35B-4142-ACF1-4E08F38CC153}.Debug|Any CPU.Build.0 = Debug|Any CPU
		{DF63FED2-D35B-4142-ACF1-4E08F38CC153}.Release|Any CPU.ActiveCfg = Release|Any CPU
		{DF63FED2-D35B-4142-ACF1-4E08F38CC153}.Release|Any CPU.Build.0 = Release|Any CPU
	EndGlobalSection
	GlobalSection(SolutionProperties) = preSolution
		HideSolutionNode = FALSE
	EndGlobalSection
EndGlobal
