
Microsoft Visual Studio Solution File, Format Version 12.00
# Visual Studio Version 17
VisualStudioVersion = 17.12.35728.132 d17.12
MinimumVisualStudioVersion = 10.0.40219.1
Project("{FAE04EC0-301F-11D3-BF4B-00C04F79EFBC}") = "Exercise10_09", "Exercise10_09.csproj", "{8D5A33EC-B80E-4939-AE57-AA9B87E04539}"
EndProject
Global
	GlobalSection(SolutionConfigurationPlatforms) = preSolution
		Debug|Any CPU = Debug|Any CPU
		Release|Any CPU = Release|Any CPU
	EndGlobalSection
	GlobalSection(ProjectConfigurationPlatforms) = postSolution
		{8D5A33EC-B80E-4939-AE57-AA9B87E04539}.Debug|Any CPU.ActiveCfg = Debug|Any CPU
		{8D5A33EC-B80E-4939-AE57-AA9B87E04539}.Debug|Any CPU.Build.0 = Debug|Any CPU
		{8D5A33EC-B80E-4939-AE57-AA9B87E04539}.Release|Any CPU.ActiveCfg = Release|Any CPU
		{8D5A33EC-B80E-4939-AE57-AA9B87E04539}.Release|Any CPU.Build.0 = Release|Any CPU
	EndGlobalSection
	GlobalSection(SolutionProperties) = preSolution
		HideSolutionNode = FALSE
	EndGlobalSection
EndGlobal
