
Microsoft Visual Studio Solution File, Format Version 12.00
# Visual Studio Version 17
VisualStudioVersion = 17.13.35825.156 d17.13
MinimumVisualStudioVersion = 10.0.40219.1
Project("{FAE04EC0-301F-11D3-BF4B-00C04F79EFBC}") = "Exercise03_05", "Exercise03_05.csproj", "{62ED6504-E6F4-4C62-8164-DC6E1F34E298}"
EndProject
Global
	GlobalSection(SolutionConfigurationPlatforms) = preSolution
		Debug|Any CPU = Debug|Any CPU
		Release|Any CPU = Release|Any CPU
	EndGlobalSection
	GlobalSection(ProjectConfigurationPlatforms) = postSolution
		{62ED6504-E6F4-4C62-8164-DC6E1F34E298}.Debug|Any CPU.ActiveCfg = Debug|Any CPU
		{62ED6504-E6F4-4C62-8164-DC6E1F34E298}.Debug|Any CPU.Build.0 = Debug|Any CPU
		{62ED6504-E6F4-4C62-8164-DC6E1F34E298}.Release|Any CPU.ActiveCfg = Release|Any CPU
		{62ED6504-E6F4-4C62-8164-DC6E1F34E298}.Release|Any CPU.Build.0 = Release|Any CPU
	EndGlobalSection
	GlobalSection(SolutionProperties) = preSolution
		HideSolutionNode = FALSE
	EndGlobalSection
	GlobalSection(ExtensibilityGlobals) = postSolution
		SolutionGuid = {87A196E8-D89C-46EF-A1DC-636CBE4B2CA3}
	EndGlobalSection
EndGlobal
