
Microsoft Visual Studio Solution File, Format Version 12.00
# Visual Studio Version 17
VisualStudioVersion = 17.13.35919.96 d17.13
MinimumVisualStudioVersion = 10.0.40219.1
Project("{FAE04EC0-301F-11D3-BF4B-00C04F79EFBC}") = "Exercise06_06", "Exercise06_06.csproj", "{D22B6D7E-73D3-41D7-8016-8F8D8A6B2602}"
EndProject
Global
	GlobalSection(SolutionConfigurationPlatforms) = preSolution
		Debug|Any CPU = Debug|Any CPU
		Release|Any CPU = Release|Any CPU
	EndGlobalSection
	GlobalSection(ProjectConfigurationPlatforms) = postSolution
		{D22B6D7E-73D3-41D7-8016-8F8D8A6B2602}.Debug|Any CPU.ActiveCfg = Debug|Any CPU
		{D22B6D7E-73D3-41D7-8016-8F8D8A6B2602}.Debug|Any CPU.Build.0 = Debug|Any CPU
		{D22B6D7E-73D3-41D7-8016-8F8D8A6B2602}.Release|Any CPU.ActiveCfg = Release|Any CPU
		{D22B6D7E-73D3-41D7-8016-8F8D8A6B2602}.Release|Any CPU.Build.0 = Release|Any CPU
	EndGlobalSection
	GlobalSection(SolutionProperties) = preSolution
		HideSolutionNode = FALSE
	EndGlobalSection
	GlobalSection(ExtensibilityGlobals) = postSolution
		SolutionGuid = {3F2166FA-0469-4F1A-A50D-A318759A19A4}
	EndGlobalSection
EndGlobal
