
Microsoft Visual Studio Solution File, Format Version 12.00
# Visual Studio Version 17
VisualStudioVersion = 17.13.35919.96 d17.13
MinimumVisualStudioVersion = 10.0.40219.1
Project("{FAE04EC0-301F-11D3-BF4B-00C04F79EFBC}") = "Exercise06_05", "Exercise06_05.csproj", "{1D83098F-D60B-4804-815A-E15E7D7CB1D1}"
EndProject
Global
	GlobalSection(SolutionConfigurationPlatforms) = preSolution
		Debug|Any CPU = Debug|Any CPU
		Release|Any CPU = Release|Any CPU
	EndGlobalSection
	GlobalSection(ProjectConfigurationPlatforms) = postSolution
		{1D83098F-D60B-4804-815A-E15E7D7CB1D1}.Debug|Any CPU.ActiveCfg = Debug|Any CPU
		{1D83098F-D60B-4804-815A-E15E7D7CB1D1}.Debug|Any CPU.Build.0 = Debug|Any CPU
		{1D83098F-D60B-4804-815A-E15E7D7CB1D1}.Release|Any CPU.ActiveCfg = Release|Any CPU
		{1D83098F-D60B-4804-815A-E15E7D7CB1D1}.Release|Any CPU.Build.0 = Release|Any CPU
	EndGlobalSection
	GlobalSection(SolutionProperties) = preSolution
		HideSolutionNode = FALSE
	EndGlobalSection
	GlobalSection(ExtensibilityGlobals) = postSolution
		SolutionGuid = {F5518972-2166-495E-81EF-84D3DB57A94D}
	EndGlobalSection
EndGlobal
