
Microsoft Visual Studio Solution File, Format Version 12.00
# Visual Studio Version 17
VisualStudioVersion = 17.13.35806.99 d17.13
MinimumVisualStudioVersion = 10.0.40219.1
Project("{FAE04EC0-301F-11D3-BF4B-00C04F79EFBC}") = "Exercise02_07", "Exercise02_07.csproj", "{534F4D15-0278-4954-B51C-8A16102627AD}"
EndProject
Global
	GlobalSection(SolutionConfigurationPlatforms) = preSolution
		Debug|Any CPU = Debug|Any CPU
		Release|Any CPU = Release|Any CPU
	EndGlobalSection
	GlobalSection(ProjectConfigurationPlatforms) = postSolution
		{534F4D15-0278-4954-B51C-8A16102627AD}.Debug|Any CPU.ActiveCfg = Debug|Any CPU
		{534F4D15-0278-4954-B51C-8A16102627AD}.Debug|Any CPU.Build.0 = Debug|Any CPU
		{534F4D15-0278-4954-B51C-8A16102627AD}.Release|Any CPU.ActiveCfg = Release|Any CPU
		{534F4D15-0278-4954-B51C-8A16102627AD}.Release|Any CPU.Build.0 = Release|Any CPU
	EndGlobalSection
	GlobalSection(SolutionProperties) = preSolution
		HideSolutionNode = FALSE
	EndGlobalSection
	GlobalSection(ExtensibilityGlobals) = postSolution
		SolutionGuid = {AE7C3749-868D-437E-9C2F-87D051BFAA40}
	EndGlobalSection
EndGlobal
