
Microsoft Visual Studio Solution File, Format Version 12.00
# Visual Studio Version 17
VisualStudioVersion = 17.13.35825.156 d17.13
MinimumVisualStudioVersion = 10.0.40219.1
Project("{FAE04EC0-301F-11D3-BF4B-00C04F79EFBC}") = "Exercise05_01", "Exercise05_01.csproj", "{8A648DA1-BF07-4D6A-AFD7-EE2DE371EBB6}"
EndProject
Global
	GlobalSection(SolutionConfigurationPlatforms) = preSolution
		Debug|Any CPU = Debug|Any CPU
		Release|Any CPU = Release|Any CPU
	EndGlobalSection
	GlobalSection(ProjectConfigurationPlatforms) = postSolution
		{8A648DA1-BF07-4D6A-AFD7-EE2DE371EBB6}.Debug|Any CPU.ActiveCfg = Debug|Any CPU
		{8A648DA1-BF07-4D6A-AFD7-EE2DE371EBB6}.Debug|Any CPU.Build.0 = Debug|Any CPU
		{8A648DA1-BF07-4D6A-AFD7-EE2DE371EBB6}.Release|Any CPU.ActiveCfg = Release|Any CPU
		{8A648DA1-BF07-4D6A-AFD7-EE2DE371EBB6}.Release|Any CPU.Build.0 = Release|Any CPU
	EndGlobalSection
	GlobalSection(SolutionProperties) = preSolution
		HideSolutionNode = FALSE
	EndGlobalSection
	GlobalSection(ExtensibilityGlobals) = postSolution
		SolutionGuid = {1DE1CCC4-24EB-4C1F-B054-6BF710EF5842}
	EndGlobalSection
EndGlobal
