
Microsoft Visual Studio Solution File, Format Version 12.00
# Visual Studio Version 17
VisualStudioVersion = 17.13.35825.156 d17.13
MinimumVisualStudioVersion = 10.0.40219.1
Project("{FAE04EC0-301F-11D3-BF4B-00C04F79EFBC}") = "Exercise02_08", "Exercise02_08.csproj", "{01FEB404-2BD3-4D8E-8A59-AF9246C3329C}"
EndProject
Global
	GlobalSection(SolutionConfigurationPlatforms) = preSolution
		Debug|Any CPU = Debug|Any CPU
		Release|Any CPU = Release|Any CPU
	EndGlobalSection
	GlobalSection(ProjectConfigurationPlatforms) = postSolution
		{01FEB404-2BD3-4D8E-8A59-AF9246C3329C}.Debug|Any CPU.ActiveCfg = Debug|Any CPU
		{01FEB404-2BD3-4D8E-8A59-AF9246C3329C}.Debug|Any CPU.Build.0 = Debug|Any CPU
		{01FEB404-2BD3-4D8E-8A59-AF9246C3329C}.Release|Any CPU.ActiveCfg = Release|Any CPU
		{01FEB404-2BD3-4D8E-8A59-AF9246C3329C}.Release|Any CPU.Build.0 = Release|Any CPU
	EndGlobalSection
	GlobalSection(SolutionProperties) = preSolution
		HideSolutionNode = FALSE
	EndGlobalSection
	GlobalSection(ExtensibilityGlobals) = postSolution
		SolutionGuid = {2E8537FB-F892-4712-B4E6-A7AF3E3EF6D9}
	EndGlobalSection
EndGlobal
