
Microsoft Visual Studio Solution File, Format Version 12.00
# Visual Studio Version 17
VisualStudioVersion = 17.12.35707.178 d17.12
MinimumVisualStudioVersion = 10.0.40219.1
Project("{FAE04EC0-301F-11D3-BF4B-00C04F79EFBC}") = "Exercise08_04", "Exercise08_04.csproj", "{EBC5056C-366A-472E-9CF6-D2EA9510DAF6}"
EndProject
Global
	GlobalSection(SolutionConfigurationPlatforms) = preSolution
		Debug|Any CPU = Debug|Any CPU
		Release|Any CPU = Release|Any CPU
	EndGlobalSection
	GlobalSection(ProjectConfigurationPlatforms) = postSolution
		{EBC5056C-366A-472E-9CF6-D2EA9510DAF6}.Debug|Any CPU.ActiveCfg = Debug|Any CPU
		{EBC5056C-366A-472E-9CF6-D2EA9510DAF6}.Debug|Any CPU.Build.0 = Debug|Any CPU
		{EBC5056C-366A-472E-9CF6-D2EA9510DAF6}.Release|Any CPU.ActiveCfg = Release|Any CPU
		{EBC5056C-366A-472E-9CF6-D2EA9510DAF6}.Release|Any CPU.Build.0 = Release|Any CPU
	EndGlobalSection
	GlobalSection(SolutionProperties) = preSolution
		HideSolutionNode = FALSE
	EndGlobalSection
EndGlobal
