
Microsoft Visual Studio Solution File, Format Version 12.00
# Visual Studio Version 17
VisualStudioVersion = 17.12.35707.178 d17.12
MinimumVisualStudioVersion = 10.0.40219.1
Project("{FAE04EC0-301F-11D3-BF4B-00C04F79EFBC}") = "Exercise10_07", "Exercise10_07.csproj", "{A0BF3AD5-5444-408E-A3D5-0D096FEC3B0B}"
EndProject
Global
	GlobalSection(SolutionConfigurationPlatforms) = preSolution
		Debug|Any CPU = Debug|Any CPU
		Release|Any CPU = Release|Any CPU
	EndGlobalSection
	GlobalSection(ProjectConfigurationPlatforms) = postSolution
		{A0BF3AD5-5444-408E-A3D5-0D096FEC3B0B}.Debug|Any CPU.ActiveCfg = Debug|Any CPU
		{A0BF3AD5-5444-408E-A3D5-0D096FEC3B0B}.Debug|Any CPU.Build.0 = Debug|Any CPU
		{A0BF3AD5-5444-408E-A3D5-0D096FEC3B0B}.Release|Any CPU.ActiveCfg = Release|Any CPU
		{A0BF3AD5-5444-408E-A3D5-0D096FEC3B0B}.Release|Any CPU.Build.0 = Release|Any CPU
	EndGlobalSection
	GlobalSection(SolutionProperties) = preSolution
		HideSolutionNode = FALSE
	EndGlobalSection
EndGlobal
